
Microsoft Visual Studio Solution File, Format Version 12.00
# Visual Studio Version 16
VisualStudioVersion = 16.0.30804.86
MinimumVisualStudioVersion = 10.0.40219.1
Project("{FAE04EC0-301F-11D3-BF4B-00C04F79EFBC}") = "agiltpong", "agiltpong.csproj", "{722853B8-5DBF-42EB-B858-E65AEDF983B0}"
EndProject
Global
	GlobalSection(SolutionConfigurationPlatforms) = preSolution
		Debug|Any CPU = Debug|Any CPU
		Release|Any CPU = Release|Any CPU
	EndGlobalSection
	GlobalSection(ProjectConfigurationPlatforms) = postSolution
		{722853B8-5DBF-42EB-B858-E65AEDF983B0}.Debug|Any CPU.ActiveCfg = Debug|Any CPU
		{722853B8-5DBF-42EB-B858-E65AEDF983B0}.Debug|Any CPU.Build.0 = Debug|Any CPU
		{722853B8-5DBF-42EB-B858-E65AEDF983B0}.Release|Any CPU.ActiveCfg = Release|Any CPU
		{722853B8-5DBF-42EB-B858-E65AEDF983B0}.Release|Any CPU.Build.0 = Release|Any CPU
	EndGlobalSection
	GlobalSection(SolutionProperties) = preSolution
		HideSolutionNode = FALSE
	EndGlobalSection
	GlobalSection(ExtensibilityGlobals) = postSolution
		SolutionGuid = {F1824B9A-BE11-458C-8EAA-93C5CF36B343}
	EndGlobalSection
EndGlobal
